webtyp.com/ddl v0.0.17 h1:wJvTIdaz+eWLZSOrsSuAebI4UzCug0gBgwdZS+zr2oI=
webtyp.com/ddl v0.0.17/go.mod h1:3paof90s8AaNThOhoxtSbBJtSF5AHpgFk3tp8U2DtMU=
webtyp.com/events v0.0.5 h1:FZDdUDm/QocRpEfENZ0LTU6R+Rj4LBwXfPLcycUPW5o=
webtyp.com/events v0.0.5/go.mod h1:r+ZG3Robb7hq3+vJFv9btYtEg8AHpLrV9MHc4VVddQo=
webtyp.com/fmt v1.0.0 h1:W0vMMGC6ezg1q2LarAEaVnNvZ26hVqzZdQQH1wcNogM=
webtyp.com/fmt v1.0.0/go.mod h1:FmTxx713R45J21kbH5JOmKGaaCap3fJPA9Yl2n4Ch7U=
webtyp.com/input v0.0.8 h1:664WtJULSb2bNRk5IhNpBDKmlP35SxbT9CrLO78cbEE=
webtyp.com/input v0.0.8/go.mod h1:G4oOhJLm3Lvp4JVIhMs0LzGnFM0GC+b7rbmS15djQ2I=
webtyp.com/model v0.1.9 h1:XpkNiIQbIVaFrbh4E/UqdIutHFNA92//KSP4M/owaSQ=
webtyp.com/model v0.1.9/go.mod h1:OkyYeE3GOG8eAQGhd9wVsORAhr+xYj3q8avpoGXG25c=
webtyp.com/orm v0.12.3 h1:/bRvGInEP5h1SuUA293qOa2BLjliOfabvF6AVHdHCOc=
webtyp.com/orm v0.12.3/go.mod h1:aad8/2kEG1kN3Pnwy8Hd/CxI/bXXV+xnXYlqcyRm82Y=
webtyp.com/router v0.1.38 h1:5mHuvjEW5A/vMHMJ03rFK7HefXcx+CBJGkUI01h0zaU=
webtyp.com/router v0.1.38/go.mod h1:vq9bDpR18oNflHXZmbE2IOlGduRJqPugKDWe2mm6nk4=
webtyp.com/storage v0.0.8 h1:yc4z9/67RxxLVfMBam7pVrQOF9AQYaKnUcx693Nj3qw=
webtyp.com/storage v0.0.8/go.mod h1:CjNQUZR19Rczs5G8BO886jYKWf5LBNyJKVK7oostqpQ=
webtyp.com/time v0.5.6 h1:tvCPy2b01ZJNhaM7XYB5Ta+07rHbB9a2LZnAphg+zoQ=
webtyp.com/time v0.5.6/go.mod h1:V6ew493Rk+an2mV77vVjytPAbtlsELVZ4O4wGqu4tUI=
webtyp.com/view v0.5.10 h1:/N+egvI64uwVD5fIbV0BB/v32H48RnYs//s3yDXlqrk=
webtyp.com/view v0.5.10/go.mod h1:1KPEugG3TOLn86XGgJGsQN334cPGylBARm+qJ2/spnc=
