github.com/veltylabs/device_manager v0.1.30 h1:pHTIJXPP3AXRWx3AasBb6DbQBYDhl5mwLSv7lRtuqJU=
github.com/veltylabs/device_manager v0.1.30/go.mod h1:LTMvjWVQoZoDYnA4L0Io5jJCm23hjL1Na1uCa+qbK2o=
webtyp.com/auth v0.0.60 h1:6DMfRQSJia1TbdK26Iut11vnELc9HaqmoeFNIcBuu2M=
webtyp.com/auth v0.0.60/go.mod h1:IIeB5/rbMjD2PzYOn3jDrFotNVAMs4yEoZJ1FUOWVo8=
webtyp.com/color v0.1.2 h1:PN2vx9jtlwFsu2juQoaj0GEJMY/ex3fQDcop20V8+ik=
webtyp.com/color v0.1.2/go.mod h1:p5n4e0KRiPavkkQajtQKoMAU7C+1yx86AZlzMWTJhC8=
webtyp.com/components v0.8.6 h1:wXsbNn3C/XAR4ELAazGCE07MBjovn67XNBg51lb4cGo=
webtyp.com/components v0.8.6/go.mod h1:O5KBBN3ZIRqh2tBKp/UagUHTTNQmh3B86xxSfPl2cnM=
webtyp.com/css v0.4.27 h1:33MG7ZW8CRMi79nCPrzRGAw93ELfdwqodZCUQqN+nKc=
webtyp.com/css v0.4.27/go.mod h1:qbi0OpxKohFtrEzMCFmcM8w1LaLGSd+Nlw+LzLSNZhU=
webtyp.com/date v0.0.7 h1:b4+4I2BHTGHmZocoOJtQ+poZt3jPaKvvRpmBP1SZ8dY=
webtyp.com/date v0.0.7/go.mod h1:fAoR0H0V1lNUp7ubtXkKMPw1qMyQcccDONRTanw57GU=
webtyp.com/ddl v0.0.17 h1:wJvTIdaz+eWLZSOrsSuAebI4UzCug0gBgwdZS+zr2oI=
webtyp.com/ddl v0.0.17/go.mod h1:3paof90s8AaNThOhoxtSbBJtSF5AHpgFk3tp8U2DtMU=
webtyp.com/dom v0.13.18 h1:3XwQhMxVKKYXBtCNF+wbAyTZxNQgP45EG8TzoMFSCoo=
webtyp.com/dom v0.13.18/go.mod h1:p7Vl/6A0VR3GU+NHR4Ggn0oTnRRBPUZ9+RziR5tDB4Q=
webtyp.com/events v0.0.5 h1:FZDdUDm/QocRpEfENZ0LTU6R+Rj4LBwXfPLcycUPW5o=
webtyp.com/events v0.0.5/go.mod h1:r+ZG3Robb7hq3+vJFv9btYtEg8AHpLrV9MHc4VVddQo=
webtyp.com/fmt v1.0.0 h1:W0vMMGC6ezg1q2LarAEaVnNvZ26hVqzZdQQH1wcNogM=
webtyp.com/fmt v1.0.0/go.mod h1:FmTxx713R45J21kbH5JOmKGaaCap3fJPA9Yl2n4Ch7U=
webtyp.com/font v0.0.5 h1:EqjnVf8PPdRo4e+dRBBv+HaUqi0IeZjjNwsKexfqyIk=
webtyp.com/font v0.0.5/go.mod h1:N/3YKN5z5qlVGVFM7Rdc4iOG2Yba+EOru/bzKJARaCM=
webtyp.com/form v0.4.22 h1:qd+nRgx0bifyefrjuAHOGvRj+xMBWnKnotDX6nkhtRk=
webtyp.com/form v0.4.22/go.mod h1:WFLTazwwrK+6An0v6lVxYS7sCbWZtSrWl/GYtZPZMRE=
webtyp.com/html v0.0.24 h1:58YMjhVNLKrFTxaRPJKrdUhdvGQLFZB2gQebPapz06w=
webtyp.com/html v0.0.24/go.mod h1:unUq73nowv5Ok0yFXU6ykpgKn4htxOGEMm5bQsQ0ssE=
webtyp.com/icons v0.0.7 h1:1kKnZglx82UfhX7LiDOKyPZ2M5lRv4/7tc584/JalLE=
webtyp.com/icons v0.0.7/go.mod h1:8RSiyDNs+uVAYLujTsKF9LyRAcARQfORQUlfCVOnc9E=
webtyp.com/input v0.0.10 h1:mNOSBqId7WqJH+sT6SxmMBom9l1q61ntFT9EjNzik7c=
webtyp.com/input v0.0.10/go.mod h1:G4oOhJLm3Lvp4JVIhMs0LzGnFM0GC+b7rbmS15djQ2I=
webtyp.com/json v0.5.27 h1:QNljdAHaKJfi9FdToMvWDxAa/taHUJ8yNbkksGT4hUc=
webtyp.com/json v0.5.27/go.mod h1:kIAtefqg9B8tHtYWelE6PAtpBILwuV61+9n+2bU/lxw=
webtyp.com/layout v0.3.23 h1:nem+uZT7Dth7zUQ/2ChIKFn/y9I3sWaGPzjvJwyQVE0=
webtyp.com/layout v0.3.23/go.mod h1:kR3HCe/HvAJniaO0cAqzCbVq8SLL95vkdP0NznmqNQQ=
webtyp.com/model v0.2.0 h1:fhnpWAxT2ss0bQ05uoVA+ZclEvHcRHwHn/pWH31dj0w=
webtyp.com/model v0.2.0/go.mod h1:OkyYeE3GOG8eAQGhd9wVsORAhr+xYj3q8avpoGXG25c=
webtyp.com/orm v0.12.4 h1:BL2wJo8MWSavpuyTYp7UKoJPyOb8tmiE8D98sK75xA8=
webtyp.com/orm v0.12.4/go.mod h1:aad8/2kEG1kN3Pnwy8Hd/CxI/bXXV+xnXYlqcyRm82Y=
webtyp.com/router v0.3.2 h1:4Sxvwg7x+4+sHs2PGo8C48CkS5lufIh/W43CzYLrqg0=
webtyp.com/router v0.3.2/go.mod h1:C7IDoFEuwq8kTMeM+qzCPP9dY0Yd2PP8xU4zNiN0FAI=
webtyp.com/storage v0.1.1 h1:8RgDEpdaVfLjX+ttl8ltEp8ZPl9Hq56BxpJp8YraN8o=
webtyp.com/storage v0.1.1/go.mod h1:mh9CB3BbNXGvw+oNBJlUNOpBQ5dMZAS1gAFQamq7H2k=
webtyp.com/svg v0.3.14 h1:o7jOv6LaZQJpjkESHxMcsMccc11dvLQRvrG5xc9vG8g=
webtyp.com/svg v0.3.14/go.mod h1:ro5kMrbLOtwWtorrBnlORRsATY6JWmG9AVZgnzrGTSU=
webtyp.com/time v0.5.7 h1:4AoyN4vnDXxxdePcHu59F+YlhjgHJwv7svWGMtpuq6w=
webtyp.com/time v0.5.7/go.mod h1:V6ew493Rk+an2mV77vVjytPAbtlsELVZ4O4wGqu4tUI=
webtyp.com/unixid v0.2.28 h1:uIZb9zRLQtR4BOsBtJfyI2OcYklCeo1nrRaGqzVXQ9s=
webtyp.com/unixid v0.2.28/go.mod h1:/3O8fu/eCARIrnT6WMu9MpLsAXKdfnVI3s35+m/CbY4=
webtyp.com/user v0.3.13 h1:yVmwB4iKTodM0WgrdOCo4Vpf/xEhlNSfq1A9BiZrXZA=
webtyp.com/user v0.3.13/go.mod h1:WNs961oB0Bhc/S/rQy5mqO48kMrpad/JpIl5LJF33VI=
webtyp.com/view v0.6.10 h1:RqaQkDeArhGG7zttkAs2ZLUTTcttngOZxWjsbk/GDmc=
webtyp.com/view v0.6.10/go.mod h1:3tQT7w8Nb7xHSDTo8bPA0F9+4FcqjYzOCgH/RC3VKYY=
webtyp.com/widget v0.6.34 h1:YtFaIAFCz7ENXtYObyj/sa77FPVCaMEHK9Ss6mag9eQ=
webtyp.com/widget v0.6.34/go.mod h1:QY1JMDQ3F1EKPXhYQcvSdTYzAJSZtpv+xJonAMTh7f8=
